<Solution>
  <Folder Name="/Solution Items/">
    <File Path=".dockerignore" />
    <File Path=".gitattributes" />
    <File Path=".gitignore" />
    <File Path="README.md" />
  </Folder>
  <Folder Name="/src/" />
  <Folder Name="/src/Core/" />
  <Folder Name="/src/Services/" />
  <Folder Name="/tests/" />
  <Folder Name="/tests/Core/" />
  <Folder Name="/tests/Services/" />
</Solution>